# This file is automatically @generated by Wally.
# It is not intended for manual editing.
registry = "test"

[[package]]
name = "nezuo/enumerate"
version = "0.1.5"
dependencies = [["TestEZ", "roblox/testez@0.4.1"]]

[[package]]
name = "nezuo/spark"
version = "0.1.0"
dependencies = [["Subject", "nezuo/subject@0.1.0"], ["TestEZ", "roblox/testez@0.4.1"], ["enumerate", "nezuo/enumerate@0.1.5"]]

[[package]]
name = "nezuo/subject"
version = "0.1.0"
dependencies = [["TestEZ", "roblox/testez@0.4.1"]]

[[package]]
name = "roblox/testez"
version = "0.4.1"
dependencies = []
